// !$*UTF8*$!
{
	archiveVersion = 1;
	classes = {
	};
	objectVersion = 56;
	objects = {

/* Begin PBXBuildFile section */
		528D10FC2AFCF55C0072AF1F /* Receipt_ScannerSwiftUIApp.swift in Sources */ = {isa = PBXBuildFile; fileRef = 528D10FB2AFCF55C0072AF1F /* Receipt_ScannerSwiftUIApp.swift */; };
		528D10FE2AFCF55C0072AF1F /* OnboardingView.swift in Sources */ = {isa = PBXBuildFile; fileRef = 528D10FD2AFCF55C0072AF1F /* OnboardingView.swift */; };
		528D11002AFCF55F0072AF1F /* Assets.xcassets in Resources */ = {isa = PBXBuildFile; fileRef = 528D10FF2AFCF55F0072AF1F /* Assets.xcassets */; };
		528D11032AFCF55F0072AF1F /* Preview Assets.xcassets in Resources */ = {isa = PBXBuildFile; fileRef = 528D11022AFCF55F0072AF1F /* Preview Assets.xcassets */; };
		528D110A2AFCF5880072AF1F /* Colors.xcassets in Resources */ = {isa = PBXBuildFile; fileRef = 528D11092AFCF5880072AF1F /* Colors.xcassets */; };
		528D110D2AFCF61C0072AF1F /* CustomColors.swift in Sources */ = {isa = PBXBuildFile; fileRef = 528D110C2AFCF61C0072AF1F /* CustomColors.swift */; };
		528D11102AFCFAEA0072AF1F /* WhiteButtonAsView.swift in Sources */ = {isa = PBXBuildFile; fileRef = 528D110F2AFCFAEA0072AF1F /* WhiteButtonAsView.swift */; };
		528D11122AFCFB820072AF1F /* BorderButtonAsView.swift in Sources */ = {isa = PBXBuildFile; fileRef = 528D11112AFCFB820072AF1F /* BorderButtonAsView.swift */; };
		528D11152AFCFD1B0072AF1F /* OnbaordingSlideView.swift in Sources */ = {isa = PBXBuildFile; fileRef = 528D11142AFCFD1B0072AF1F /* OnbaordingSlideView.swift */; };
		528D11232AFD01010072AF1F /* Colfax-ThinItalic.otf in Resources */ = {isa = PBXBuildFile; fileRef = 528D11172AFD00FE0072AF1F /* Colfax-ThinItalic.otf */; };
		528D11242AFD01010072AF1F /* Colfax-Medium.otf in Resources */ = {isa = PBXBuildFile; fileRef = 528D11182AFD00FF0072AF1F /* Colfax-Medium.otf */; };
		528D11252AFD01010072AF1F /* Colfax-Black.otf in Resources */ = {isa = PBXBuildFile; fileRef = 528D11192AFD00FF0072AF1F /* Colfax-Black.otf */; };
		528D11262AFD01010072AF1F /* Colfax-BlackItalic.otf in Resources */ = {isa = PBXBuildFile; fileRef = 528D111A2AFD00FF0072AF1F /* Colfax-BlackItalic.otf */; };
		528D11272AFD01010072AF1F /* Colfax-Thin.otf in Resources */ = {isa = PBXBuildFile; fileRef = 528D111B2AFD00FF0072AF1F /* Colfax-Thin.otf */; };
		528D11282AFD01010072AF1F /* Colfax-Bold.otf in Resources */ = {isa = PBXBuildFile; fileRef = 528D111C2AFD00FF0072AF1F /* Colfax-Bold.otf */; };
		528D11292AFD01010072AF1F /* Colfax-Light.otf in Resources */ = {isa = PBXBuildFile; fileRef = 528D111D2AFD00FF0072AF1F /* Colfax-Light.otf */; };
		528D112A2AFD01010072AF1F /* Colfax-MediumItalic.otf in Resources */ = {isa = PBXBuildFile; fileRef = 528D111E2AFD00FF0072AF1F /* Colfax-MediumItalic.otf */; };
		528D112B2AFD01010072AF1F /* Colfax-LightItalic.otf in Resources */ = {isa = PBXBuildFile; fileRef = 528D111F2AFD01000072AF1F /* Colfax-LightItalic.otf */; };
		528D112C2AFD01010072AF1F /* Colfax-BoldItalic.otf in Resources */ = {isa = PBXBuildFile; fileRef = 528D11202AFD01000072AF1F /* Colfax-BoldItalic.otf */; };
		528D112D2AFD01010072AF1F /* Colfax-RegularItalic.otf in Resources */ = {isa = PBXBuildFile; fileRef = 528D11212AFD01000072AF1F /* Colfax-RegularItalic.otf */; };
		528D112E2AFD01010072AF1F /* Colfax-Regular.otf in Resources */ = {isa = PBXBuildFile; fileRef = 528D11222AFD01000072AF1F /* Colfax-Regular.otf */; };
		528D11322AFD07290072AF1F /* GetStartedView.swift in Sources */ = {isa = PBXBuildFile; fileRef = 528D11312AFD07290072AF1F /* GetStartedView.swift */; };
		528D11352AFD24040072AF1F /* LoginView.swift in Sources */ = {isa = PBXBuildFile; fileRef = 528D11342AFD24040072AF1F /* LoginView.swift */; };
		528D11372AFD29CC0072AF1F /* CustomTextField.swift in Sources */ = {isa = PBXBuildFile; fileRef = 528D11362AFD29CC0072AF1F /* CustomTextField.swift */; };
		528D11392AFD2A550072AF1F /* PasswordTextField.swift in Sources */ = {isa = PBXBuildFile; fileRef = 528D11382AFD2A550072AF1F /* PasswordTextField.swift */; };
		528D113B2AFD2E400072AF1F /* BlueButtonAsView.swift in Sources */ = {isa = PBXBuildFile; fileRef = 528D113A2AFD2E400072AF1F /* BlueButtonAsView.swift */; };
		528D113E2AFD2FEA0072AF1F /* RegisterView.swift in Sources */ = {isa = PBXBuildFile; fileRef = 528D113D2AFD2FEA0072AF1F /* RegisterView.swift */; };
/* End PBXBuildFile section */

/* Begin PBXFileReference section */
		528D10F82AFCF55C0072AF1F /* Receipt ScannerSwiftUI.app */ = {isa = PBXFileReference; explicitFileType = wrapper.application; includeInIndex = 0; path = "Receipt ScannerSwiftUI.app"; sourceTree = BUILT_PRODUCTS_DIR; };
		528D10FB2AFCF55C0072AF1F /* Receipt_ScannerSwiftUIApp.swift */ = {isa = PBXFileReference; lastKnownFileType = sourcecode.swift; path = Receipt_ScannerSwiftUIApp.swift; sourceTree = "<group>"; };
		528D10FD2AFCF55C0072AF1F /* OnboardingView.swift */ = {isa = PBXFileReference; lastKnownFileType = sourcecode.swift; path = OnboardingView.swift; sourceTree = "<group>"; };
		528D10FF2AFCF55F0072AF1F /* Assets.xcassets */ = {isa = PBXFileReference; lastKnownFileType = folder.assetcatalog; path = Assets.xcassets; sourceTree = "<group>"; };
		528D11022AFCF55F0072AF1F /* Preview Assets.xcassets */ = {isa = PBXFileReference; lastKnownFileType = folder.assetcatalog; path = "Preview Assets.xcassets"; sourceTree = "<group>"; };
		528D11092AFCF5880072AF1F /* Colors.xcassets */ = {isa = PBXFileReference; lastKnownFileType = folder.assetcatalog; path = Colors.xcassets; sourceTree = "<group>"; };
		528D110C2AFCF61C0072AF1F /* CustomColors.swift */ = {isa = PBXFileReference; lastKnownFileType = sourcecode.swift; path = CustomColors.swift; sourceTree = "<group>"; };
		528D110F2AFCFAEA0072AF1F /* WhiteButtonAsView.swift */ = {isa = PBXFileReference; lastKnownFileType = sourcecode.swift; path = WhiteButtonAsView.swift; sourceTree = "<group>"; };
		528D11112AFCFB820072AF1F /* BorderButtonAsView.swift */ = {isa = PBXFileReference; lastKnownFileType = sourcecode.swift; path = BorderButtonAsView.swift; sourceTree = "<group>"; };
		528D11142AFCFD1B0072AF1F /* OnbaordingSlideView.swift */ = {isa = PBXFileReference; lastKnownFileType = sourcecode.swift; path = OnbaordingSlideView.swift; sourceTree = "<group>"; };
		528D11172AFD00FE0072AF1F /* Colfax-ThinItalic.otf */ = {isa = PBXFileReference; lastKnownFileType = file; path = "Colfax-ThinItalic.otf"; sourceTree = "<group>"; };
		528D11182AFD00FF0072AF1F /* Colfax-Medium.otf */ = {isa = PBXFileReference; lastKnownFileType = file; path = "Colfax-Medium.otf"; sourceTree = "<group>"; };
		528D11192AFD00FF0072AF1F /* Colfax-Black.otf */ = {isa = PBXFileReference; lastKnownFileType = file; path = "Colfax-Black.otf"; sourceTree = "<group>"; };
		528D111A2AFD00FF0072AF1F /* Colfax-BlackItalic.otf */ = {isa = PBXFileReference; lastKnownFileType = file; path = "Colfax-BlackItalic.otf"; sourceTree = "<group>"; };
		528D111B2AFD00FF0072AF1F /* Colfax-Thin.otf */ = {isa = PBXFileReference; lastKnownFileType = file; path = "Colfax-Thin.otf"; sourceTree = "<group>"; };
		528D111C2AFD00FF0072AF1F /* Colfax-Bold.otf */ = {isa = PBXFileReference; lastKnownFileType = file; path = "Colfax-Bold.otf"; sourceTree = "<group>"; };
		528D111D2AFD00FF0072AF1F /* Colfax-Light.otf */ = {isa = PBXFileReference; lastKnownFileType = file; path = "Colfax-Light.otf"; sourceTree = "<group>"; };
		528D111E2AFD00FF0072AF1F /* Colfax-MediumItalic.otf */ = {isa = PBXFileReference; lastKnownFileType = file; path = "Colfax-MediumItalic.otf"; sourceTree = "<group>"; };
		528D111F2AFD01000072AF1F /* Colfax-LightItalic.otf */ = {isa = PBXFileReference; lastKnownFileType = file; path = "Colfax-LightItalic.otf"; sourceTree = "<group>"; };
		528D11202AFD01000072AF1F /* Colfax-BoldItalic.otf */ = {isa = PBXFileReference; lastKnownFileType = file; path = "Colfax-BoldItalic.otf"; sourceTree = "<group>"; };
		528D11212AFD01000072AF1F /* Colfax-RegularItalic.otf */ = {isa = PBXFileReference; lastKnownFileType = file; path = "Colfax-RegularItalic.otf"; sourceTree = "<group>"; };
		528D11222AFD01000072AF1F /* Colfax-Regular.otf */ = {isa = PBXFileReference; lastKnownFileType = file; path = "Colfax-Regular.otf"; sourceTree = "<group>"; };
		528D112F2AFD01330072AF1F /* Receipt-ScannerSwiftUI-Info.plist */ = {isa = PBXFileReference; lastKnownFileType = text.plist; path = "Receipt-ScannerSwiftUI-Info.plist"; sourceTree = SOURCE_ROOT; };
		528D11312AFD07290072AF1F /* GetStartedView.swift */ = {isa = PBXFileReference; lastKnownFileType = sourcecode.swift; path = GetStartedView.swift; sourceTree = "<group>"; };
		528D11342AFD24040072AF1F /* LoginView.swift */ = {isa = PBXFileReference; lastKnownFileType = sourcecode.swift; path = LoginView.swift; sourceTree = "<group>"; };
		528D11362AFD29CC0072AF1F /* CustomTextField.swift */ = {isa = PBXFileReference; lastKnownFileType = sourcecode.swift; path = CustomTextField.swift; sourceTree = "<group>"; };
		528D11382AFD2A550072AF1F /* PasswordTextField.swift */ = {isa = PBXFileReference; lastKnownFileType = sourcecode.swift; path = PasswordTextField.swift; sourceTree = "<group>"; };
		528D113A2AFD2E400072AF1F /* BlueButtonAsView.swift */ = {isa = PBXFileReference; lastKnownFileType = sourcecode.swift; path = BlueButtonAsView.swift; sourceTree = "<group>"; };
		528D113D2AFD2FEA0072AF1F /* RegisterView.swift */ = {isa = PBXFileReference; lastKnownFileType = sourcecode.swift; path = RegisterView.swift; sourceTree = "<group>"; };
/* End PBXFileReference section */

/* Begin PBXFrameworksBuildPhase section */
		528D10F52AFCF55C0072AF1F /* Frameworks */ = {
			isa = PBXFrameworksBuildPhase;
			buildActionMask = 2147483647;
			files = (
			);
			runOnlyForDeploymentPostprocessing = 0;
		};
/* End PBXFrameworksBuildPhase section */

/* Begin PBXGroup section */
		528D10EF2AFCF55C0072AF1F = {
			isa = PBXGroup;
			children = (
				528D10FA2AFCF55C0072AF1F /* Receipt ScannerSwiftUI */,
				528D10F92AFCF55C0072AF1F /* Products */,
			);
			sourceTree = "<group>";
		};
		528D10F92AFCF55C0072AF1F /* Products */ = {
			isa = PBXGroup;
			children = (
				528D10F82AFCF55C0072AF1F /* Receipt ScannerSwiftUI.app */,
			);
			name = Products;
			sourceTree = "<group>";
		};
		528D10FA2AFCF55C0072AF1F /* Receipt ScannerSwiftUI */ = {
			isa = PBXGroup;
			children = (
				528D11162AFD00EC0072AF1F /* Fonts */,
				528D110E2AFCFADB0072AF1F /* UIHelpers */,
				528D110B2AFCF60D0072AF1F /* Helpers */,
				528D11132AFCFCE80072AF1F /* Onboarding */,
				528D11302AFD07020072AF1F /* GetStarted */,
				528D11332AFD23F10072AF1F /* Login */,
				528D113C2AFD2FD30072AF1F /* Register */,
				528D10FB2AFCF55C0072AF1F /* Receipt_ScannerSwiftUIApp.swift */,
				528D11092AFCF5880072AF1F /* Colors.xcassets */,
				528D10FF2AFCF55F0072AF1F /* Assets.xcassets */,
				528D112F2AFD01330072AF1F /* Receipt-ScannerSwiftUI-Info.plist */,
				528D11012AFCF55F0072AF1F /* Preview Content */,
			);
			path = "Receipt ScannerSwiftUI";
			sourceTree = "<group>";
		};
		528D11012AFCF55F0072AF1F /* Preview Content */ = {
			isa = PBXGroup;
			children = (
				528D11022AFCF55F0072AF1F /* Preview Assets.xcassets */,
			);
			path = "Preview Content";
			sourceTree = "<group>";
		};
		528D110B2AFCF60D0072AF1F /* Helpers */ = {
			isa = PBXGroup;
			children = (
				528D110C2AFCF61C0072AF1F /* CustomColors.swift */,
			);
			path = Helpers;
			sourceTree = "<group>";
		};
		528D110E2AFCFADB0072AF1F /* UIHelpers */ = {
			isa = PBXGroup;
			children = (
				528D110F2AFCFAEA0072AF1F /* WhiteButtonAsView.swift */,
				528D11112AFCFB820072AF1F /* BorderButtonAsView.swift */,
				528D113A2AFD2E400072AF1F /* BlueButtonAsView.swift */,
			);
			path = UIHelpers;
			sourceTree = "<group>";
		};
		528D11132AFCFCE80072AF1F /* Onboarding */ = {
			isa = PBXGroup;
			children = (
				528D10FD2AFCF55C0072AF1F /* OnboardingView.swift */,
				528D11142AFCFD1B0072AF1F /* OnbaordingSlideView.swift */,
			);
			name = Onboarding;
			sourceTree = "<group>";
		};
		528D11162AFD00EC0072AF1F /* Fonts */ = {
			isa = PBXGroup;
			children = (
				528D11192AFD00FF0072AF1F /* Colfax-Black.otf */,
				528D111A2AFD00FF0072AF1F /* Colfax-BlackItalic.otf */,
				528D111C2AFD00FF0072AF1F /* Colfax-Bold.otf */,
				528D11202AFD01000072AF1F /* Colfax-BoldItalic.otf */,
				528D111D2AFD00FF0072AF1F /* Colfax-Light.otf */,
				528D111F2AFD01000072AF1F /* Colfax-LightItalic.otf */,
				528D11182AFD00FF0072AF1F /* Colfax-Medium.otf */,
				528D111E2AFD00FF0072AF1F /* Colfax-MediumItalic.otf */,
				528D11222AFD01000072AF1F /* Colfax-Regular.otf */,
				528D11212AFD01000072AF1F /* Colfax-RegularItalic.otf */,
				528D111B2AFD00FF0072AF1F /* Colfax-Thin.otf */,
				528D11172AFD00FE0072AF1F /* Colfax-ThinItalic.otf */,
			);
			path = Fonts;
			sourceTree = "<group>";
		};
		528D11302AFD07020072AF1F /* GetStarted */ = {
			isa = PBXGroup;
			children = (
				528D11312AFD07290072AF1F /* GetStartedView.swift */,
			);
			path = GetStarted;
			sourceTree = "<group>";
		};
		528D11332AFD23F10072AF1F /* Login */ = {
			isa = PBXGroup;
			children = (
				528D11342AFD24040072AF1F /* LoginView.swift */,
				528D11362AFD29CC0072AF1F /* CustomTextField.swift */,
				528D11382AFD2A550072AF1F /* PasswordTextField.swift */,
			);
			path = Login;
			sourceTree = "<group>";
		};
		528D113C2AFD2FD30072AF1F /* Register */ = {
			isa = PBXGroup;
			children = (
				528D113D2AFD2FEA0072AF1F /* RegisterView.swift */,
			);
			path = Register;
			sourceTree = "<group>";
		};
/* End PBXGroup section */

/* Begin PBXNativeTarget section */
		528D10F72AFCF55C0072AF1F /* Receipt ScannerSwiftUI */ = {
			isa = PBXNativeTarget;
			buildConfigurationList = 528D11062AFCF55F0072AF1F /* Build configuration list for PBXNativeTarget "Receipt ScannerSwiftUI" */;
			buildPhases = (
				528D10F42AFCF55C0072AF1F /* Sources */,
				528D10F52AFCF55C0072AF1F /* Frameworks */,
				528D10F62AFCF55C0072AF1F /* Resources */,
			);
			buildRules = (
			);
			dependencies = (
			);
			name = "Receipt ScannerSwiftUI";
			productName = "Receipt ScannerSwiftUI";
			productReference = 528D10F82AFCF55C0072AF1F /* Receipt ScannerSwiftUI.app */;
			productType = "com.apple.product-type.application";
		};
/* End PBXNativeTarget section */

/* Begin PBXProject section */
		528D10F02AFCF55C0072AF1F /* Project object */ = {
			isa = PBXProject;
			attributes = {
				BuildIndependentTargetsInParallel = 1;
				LastSwiftUpdateCheck = 1410;
				LastUpgradeCheck = 1410;
				TargetAttributes = {
					528D10F72AFCF55C0072AF1F = {
						CreatedOnToolsVersion = 14.1;
					};
				};
			};
			buildConfigurationList = 528D10F32AFCF55C0072AF1F /* Build configuration list for PBXProject "Receipt ScannerSwiftUI" */;
			compatibilityVersion = "Xcode 14.0";
			developmentRegion = en;
			hasScannedForEncodings = 0;
			knownRegions = (
				en,
				Base,
			);
			mainGroup = 528D10EF2AFCF55C0072AF1F;
			productRefGroup = 528D10F92AFCF55C0072AF1F /* Products */;
			projectDirPath = "";
			projectRoot = "";
			targets = (
				528D10F72AFCF55C0072AF1F /* Receipt ScannerSwiftUI */,
			);
		};
/* End PBXProject section */

/* Begin PBXResourcesBuildPhase section */
		528D10F62AFCF55C0072AF1F /* Resources */ = {
			isa = PBXResourcesBuildPhase;
			buildActionMask = 2147483647;
			files = (
				528D112E2AFD01010072AF1F /* Colfax-Regular.otf in Resources */,
				528D110A2AFCF5880072AF1F /* Colors.xcassets in Resources */,
				528D112C2AFD01010072AF1F /* Colfax-BoldItalic.otf in Resources */,
				528D11032AFCF55F0072AF1F /* Preview Assets.xcassets in Resources */,
				528D11002AFCF55F0072AF1F /* Assets.xcassets in Resources */,
				528D11272AFD01010072AF1F /* Colfax-Thin.otf in Resources */,
				528D11242AFD01010072AF1F /* Colfax-Medium.otf in Resources */,
				528D112A2AFD01010072AF1F /* Colfax-MediumItalic.otf in Resources */,
				528D112D2AFD01010072AF1F /* Colfax-RegularItalic.otf in Resources */,
				528D11292AFD01010072AF1F /* Colfax-Light.otf in Resources */,
				528D11262AFD01010072AF1F /* Colfax-BlackItalic.otf in Resources */,
				528D11252AFD01010072AF1F /* Colfax-Black.otf in Resources */,
				528D112B2AFD01010072AF1F /* Colfax-LightItalic.otf in Resources */,
				528D11232AFD01010072AF1F /* Colfax-ThinItalic.otf in Resources */,
				528D11282AFD01010072AF1F /* Colfax-Bold.otf in Resources */,
			);
			runOnlyForDeploymentPostprocessing = 0;
		};
/* End PBXResourcesBuildPhase section */

/* Begin PBXSourcesBuildPhase section */
		528D10F42AFCF55C0072AF1F /* Sources */ = {
			isa = PBXSourcesBuildPhase;
			buildActionMask = 2147483647;
			files = (
				528D11392AFD2A550072AF1F /* PasswordTextField.swift in Sources */,
				528D11122AFCFB820072AF1F /* BorderButtonAsView.swift in Sources */,
				528D11152AFCFD1B0072AF1F /* OnbaordingSlideView.swift in Sources */,
				528D10FE2AFCF55C0072AF1F /* OnboardingView.swift in Sources */,
				528D110D2AFCF61C0072AF1F /* CustomColors.swift in Sources */,
				528D11322AFD07290072AF1F /* GetStartedView.swift in Sources */,
				528D11102AFCFAEA0072AF1F /* WhiteButtonAsView.swift in Sources */,
				528D11352AFD24040072AF1F /* LoginView.swift in Sources */,
				528D10FC2AFCF55C0072AF1F /* Receipt_ScannerSwiftUIApp.swift in Sources */,
				528D113E2AFD2FEA0072AF1F /* RegisterView.swift in Sources */,
				528D11372AFD29CC0072AF1F /* CustomTextField.swift in Sources */,
				528D113B2AFD2E400072AF1F /* BlueButtonAsView.swift in Sources */,
			);
			runOnlyForDeploymentPostprocessing = 0;
		};
/* End PBXSourcesBuildPhase section */

/* Begin XCBuildConfiguration section */
		528D11042AFCF55F0072AF1F /* Debug */ = {
			isa = XCBuildConfiguration;
			buildSettings = {
				ALWAYS_SEARCH_USER_PATHS = NO;
				CLANG_ANALYZER_NONNULL = YES;
				CLANG_ANALYZER_NUMBER_OBJECT_CONVERSION = YES_AGGRESSIVE;
				CLANG_CXX_LANGUAGE_STANDARD = "gnu++20";
				CLANG_ENABLE_MODULES = YES;
				CLANG_ENABLE_OBJC_ARC = YES;
				CLANG_ENABLE_OBJC_WEAK = YES;
				CLANG_WARN_BLOCK_CAPTURE_AUTORELEASING = YES;
				CLANG_WARN_BOOL_CONVERSION = YES;
				CLANG_WARN_COMMA = YES;
				CLANG_WARN_CONSTANT_CONVERSION = YES;
				CLANG_WARN_DEPRECATED_OBJC_IMPLEMENTATIONS = YES;
				CLANG_WARN_DIRECT_OBJC_ISA_USAGE = YES_ERROR;
				CLANG_WARN_DOCUMENTATION_COMMENTS = YES;
				CLANG_WARN_EMPTY_BODY = YES;
				CLANG_WARN_ENUM_CONVERSION = YES;
				CLANG_WARN_INFINITE_RECURSION = YES;
				CLANG_WARN_INT_CONVERSION = YES;
				CLANG_WARN_NON_LITERAL_NULL_CONVERSION = YES;
				CLANG_WARN_OBJC_IMPLICIT_RETAIN_SELF = YES;
				CLANG_WARN_OBJC_LITERAL_CONVERSION = YES;
				CLANG_WARN_OBJC_ROOT_CLASS = YES_ERROR;
				CLANG_WARN_QUOTED_INCLUDE_IN_FRAMEWORK_HEADER = YES;
				CLANG_WARN_RANGE_LOOP_ANALYSIS = YES;
				CLANG_WARN_STRICT_PROTOTYPES = YES;
				CLANG_WARN_SUSPICIOUS_MOVE = YES;
				CLANG_WARN_UNGUARDED_AVAILABILITY = YES_AGGRESSIVE;
				CLANG_WARN_UNREACHABLE_CODE = YES;
				CLANG_WARN__DUPLICATE_METHOD_MATCH = YES;
				COPY_PHASE_STRIP = NO;
				DEBUG_INFORMATION_FORMAT = dwarf;
				ENABLE_STRICT_OBJC_MSGSEND = YES;
				ENABLE_TESTABILITY = YES;
				GCC_C_LANGUAGE_STANDARD = gnu11;
				GCC_DYNAMIC_NO_PIC = NO;
				GCC_NO_COMMON_BLOCKS = YES;
				GCC_OPTIMIZATION_LEVEL = 0;
				GCC_PREPROCESSOR_DEFINITIONS = (
					"DEBUG=1",
					"$(inherited)",
				);
				GCC_WARN_64_TO_32_BIT_CONVERSION = YES;
				GCC_WARN_ABOUT_RETURN_TYPE = YES_ERROR;
				GCC_WARN_UNDECLARED_SELECTOR = YES;
				GCC_WARN_UNINITIALIZED_AUTOS = YES_AGGRESSIVE;
				GCC_WARN_UNUSED_FUNCTION = YES;
				GCC_WARN_UNUSED_VARIABLE = YES;
				IPHONEOS_DEPLOYMENT_TARGET = 16.1;
				MTL_ENABLE_DEBUG_INFO = INCLUDE_SOURCE;
				MTL_FAST_MATH = YES;
				ONLY_ACTIVE_ARCH = YES;
				SDKROOT = iphoneos;
				SWIFT_ACTIVE_COMPILATION_CONDITIONS = DEBUG;
				SWIFT_OPTIMIZATION_LEVEL = "-Onone";
			};
			name = Debug;
		};
		528D11052AFCF55F0072AF1F /* Release */ = {
			isa = XCBuildConfiguration;
			buildSettings = {
				ALWAYS_SEARCH_USER_PATHS = NO;
				CLANG_ANALYZER_NONNULL = YES;
				CLANG_ANALYZER_NUMBER_OBJECT_CONVERSION = YES_AGGRESSIVE;
				CLANG_CXX_LANGUAGE_STANDARD = "gnu++20";
				CLANG_ENABLE_MODULES = YES;
				CLANG_ENABLE_OBJC_ARC = YES;
				CLANG_ENABLE_OBJC_WEAK = YES;
				CLANG_WARN_BLOCK_CAPTURE_AUTORELEASING = YES;
				CLANG_WARN_BOOL_CONVERSION = YES;
				CLANG_WARN_COMMA = YES;
				CLANG_WARN_CONSTANT_CONVERSION = YES;
				CLANG_WARN_DEPRECATED_OBJC_IMPLEMENTATIONS = YES;
				CLANG_WARN_DIRECT_OBJC_ISA_USAGE = YES_ERROR;
				CLANG_WARN_DOCUMENTATION_COMMENTS = YES;
				CLANG_WARN_EMPTY_BODY = YES;
				CLANG_WARN_ENUM_CONVERSION = YES;
				CLANG_WARN_INFINITE_RECURSION = YES;
				CLANG_WARN_INT_CONVERSION = YES;
				CLANG_WARN_NON_LITERAL_NULL_CONVERSION = YES;
				CLANG_WARN_OBJC_IMPLICIT_RETAIN_SELF = YES;
				CLANG_WARN_OBJC_LITERAL_CONVERSION = YES;
				CLANG_WARN_OBJC_ROOT_CLASS = YES_ERROR;
				CLANG_WARN_QUOTED_INCLUDE_IN_FRAMEWORK_HEADER = YES;
				CLANG_WARN_RANGE_LOOP_ANALYSIS = YES;
				CLANG_WARN_STRICT_PROTOTYPES = YES;
				CLANG_WARN_SUSPICIOUS_MOVE = YES;
				CLANG_WARN_UNGUARDED_AVAILABILITY = YES_AGGRESSIVE;
				CLANG_WARN_UNREACHABLE_CODE = YES;
				CLANG_WARN__DUPLICATE_METHOD_MATCH = YES;
				COPY_PHASE_STRIP = NO;
				DEBUG_INFORMATION_FORMAT = "dwarf-with-dsym";
				ENABLE_NS_ASSERTIONS = NO;
				ENABLE_STRICT_OBJC_MSGSEND = YES;
				GCC_C_LANGUAGE_STANDARD = gnu11;
				GCC_NO_COMMON_BLOCKS = YES;
				GCC_WARN_64_TO_32_BIT_CONVERSION = YES;
				GCC_WARN_ABOUT_RETURN_TYPE = YES_ERROR;
				GCC_WARN_UNDECLARED_SELECTOR = YES;
				GCC_WARN_UNINITIALIZED_AUTOS = YES_AGGRESSIVE;
				GCC_WARN_UNUSED_FUNCTION = YES;
				GCC_WARN_UNUSED_VARIABLE = YES;
				IPHONEOS_DEPLOYMENT_TARGET = 16.1;
				MTL_ENABLE_DEBUG_INFO = NO;
				MTL_FAST_MATH = YES;
				SDKROOT = iphoneos;
				SWIFT_COMPILATION_MODE = wholemodule;
				SWIFT_OPTIMIZATION_LEVEL = "-O";
				VALIDATE_PRODUCT = YES;
			};
			name = Release;
		};
		528D11072AFCF55F0072AF1F /* Debug */ = {
			isa = XCBuildConfiguration;
			buildSettings = {
				ASSETCATALOG_COMPILER_APPICON_NAME = AppIcon;
				ASSETCATALOG_COMPILER_GLOBAL_ACCENT_COLOR_NAME = AccentColor;
				CODE_SIGN_STYLE = Automatic;
				CURRENT_PROJECT_VERSION = 1;
				DEVELOPMENT_ASSET_PATHS = "\"Receipt ScannerSwiftUI/Preview Content\"";
				DEVELOPMENT_TEAM = 73U7Z45XKZ;
				ENABLE_PREVIEWS = YES;
				GENERATE_INFOPLIST_FILE = YES;
				INFOPLIST_FILE = "Receipt-ScannerSwiftUI-Info.plist";
				INFOPLIST_KEY_UIApplicationSceneManifest_Generation = YES;
				INFOPLIST_KEY_UIApplicationSupportsIndirectInputEvents = YES;
				INFOPLIST_KEY_UILaunchScreen_Generation = YES;
				INFOPLIST_KEY_UISupportedInterfaceOrientations_iPad = "UIInterfaceOrientationPortrait UIInterfaceOrientationPortraitUpsideDown UIInterfaceOrientationLandscapeLeft UIInterfaceOrientationLandscapeRight";
				INFOPLIST_KEY_UISupportedInterfaceOrientations_iPhone = "UIInterfaceOrientationPortrait UIInterfaceOrientationLandscapeLeft UIInterfaceOrientationLandscapeRight";
				LD_RUNPATH_SEARCH_PATHS = (
					"$(inherited)",
					"@executable_path/Frameworks",
				);
				MARKETING_VERSION = 1.0;
				PRODUCT_BUNDLE_IDENTIFIER = "com.ReceiptScanner.Receipt-ScannerSwiftUI";
				PRODUCT_NAME = "$(TARGET_NAME)";
				SWIFT_EMIT_LOC_STRINGS = YES;
				SWIFT_VERSION = 5.0;
				TARGETED_DEVICE_FAMILY = "1,2";
			};
			name = Debug;
		};
		528D11082AFCF55F0072AF1F /* Release */ = {
			isa = XCBuildConfiguration;
			buildSettings = {
				ASSETCATALOG_COMPILER_APPICON_NAME = AppIcon;
				ASSETCATALOG_COMPILER_GLOBAL_ACCENT_COLOR_NAME = AccentColor;
				CODE_SIGN_STYLE = Automatic;
				CURRENT_PROJECT_VERSION = 1;
				DEVELOPMENT_ASSET_PATHS = "\"Receipt ScannerSwiftUI/Preview Content\"";
				DEVELOPMENT_TEAM = 73U7Z45XKZ;
				ENABLE_PREVIEWS = YES;
				GENERATE_INFOPLIST_FILE = YES;
				INFOPLIST_FILE = "Receipt-ScannerSwiftUI-Info.plist";
				INFOPLIST_KEY_UIApplicationSceneManifest_Generation = YES;
				INFOPLIST_KEY_UIApplicationSupportsIndirectInputEvents = YES;
				INFOPLIST_KEY_UILaunchScreen_Generation = YES;
				INFOPLIST_KEY_UISupportedInterfaceOrientations_iPad = "UIInterfaceOrientationPortrait UIInterfaceOrientationPortraitUpsideDown UIInterfaceOrientationLandscapeLeft UIInterfaceOrientationLandscapeRight";
				INFOPLIST_KEY_UISupportedInterfaceOrientations_iPhone = "UIInterfaceOrientationPortrait UIInterfaceOrientationLandscapeLeft UIInterfaceOrientationLandscapeRight";
				LD_RUNPATH_SEARCH_PATHS = (
					"$(inherited)",
					"@executable_path/Frameworks",
				);
				MARKETING_VERSION = 1.0;
				PRODUCT_BUNDLE_IDENTIFIER = "com.ReceiptScanner.Receipt-ScannerSwiftUI";
				PRODUCT_NAME = "$(TARGET_NAME)";
				SWIFT_EMIT_LOC_STRINGS = YES;
				SWIFT_VERSION = 5.0;
				TARGETED_DEVICE_FAMILY = "1,2";
			};
			name = Release;
		};
/* End XCBuildConfiguration section */

/* Begin XCConfigurationList section */
		528D10F32AFCF55C0072AF1F /* Build configuration list for PBXProject "Receipt ScannerSwiftUI" */ = {
			isa = XCConfigurationList;
			buildConfigurations = (
				528D11042AFCF55F0072AF1F /* Debug */,
				528D11052AFCF55F0072AF1F /* Release */,
			);
			defaultConfigurationIsVisible = 0;
			defaultConfigurationName = Release;
		};
		528D11062AFCF55F0072AF1F /* Build configuration list for PBXNativeTarget "Receipt ScannerSwiftUI" */ = {
			isa = XCConfigurationList;
			buildConfigurations = (
				528D11072AFCF55F0072AF1F /* Debug */,
				528D11082AFCF55F0072AF1F /* Release */,
			);
			defaultConfigurationIsVisible = 0;
			defaultConfigurationName = Release;
		};
/* End XCConfigurationList section */
	};
	rootObject = 528D10F02AFCF55C0072AF1F /* Project object */;
}
